
Microsoft Visual Studio Solution File, Format Version 12.00
# Visual Studio 2012
Project("{FAE04EC0-301F-11D3-BF4B-00C04F79EFBC}") = "Paradise5", "Paradise5\Paradise5.csproj", "{977968F1-7615-423A-AAA0-0AE0C0EAF7B1}"
	ProjectSection(ProjectDependencies) = postProject
		{85C2A511-113C-4B41-A223-234A2CB250BF} = {85C2A511-113C-4B41-A223-234A2CB250BF}
	EndProjectSection
EndProject
Project("{FAE04EC0-301F-11D3-BF4B-00C04F79EFBC}") = "Paradise5.Web", "Paradise5.Web\Paradise5.Web.csproj", "{85C2A511-113C-4B41-A223-234A2CB250BF}"
EndProject
Project("{FAE04EC0-301F-11D3-BF4B-00C04F79EFBC}") = "HPA.TimeAttendance", "HPA.TimeAttendance\HPA.TimeAttendance.csproj", "{66380216-5462-47B3-ABF2-400ED486AFB0}"
EndProject
Project("{FAE04EC0-301F-11D3-BF4B-00C04F79EFBC}") = "HPA.Control", "HPA.Control\HPA.Control.csproj", "{6ADB5A92-9E5E-4F21-80FB-5ED0FEAB4B4A}"
EndProject
Project("{FAE04EC0-301F-11D3-BF4B-00C04F79EFBC}") = "HPA.Common", "HPA.Common\HPA.Common.csproj", "{1E1F7283-94C1-4B16-AA4E-02C616BDCB78}"
EndProject
Global
	GlobalSection(SolutionConfigurationPlatforms) = preSolution
		Debug|Any CPU = Debug|Any CPU
		Release|Any CPU = Release|Any CPU
	EndGlobalSection
	GlobalSection(ProjectConfigurationPlatforms) = postSolution
		{977968F1-7615-423A-AAA0-0AE0C0EAF7B1}.Debug|Any CPU.ActiveCfg = Debug|Any CPU
		{977968F1-7615-423A-AAA0-0AE0C0EAF7B1}.Debug|Any CPU.Build.0 = Debug|Any CPU
		{977968F1-7615-423A-AAA0-0AE0C0EAF7B1}.Release|Any CPU.ActiveCfg = Release|Any CPU
		{977968F1-7615-423A-AAA0-0AE0C0EAF7B1}.Release|Any CPU.Build.0 = Release|Any CPU
		{85C2A511-113C-4B41-A223-234A2CB250BF}.Debug|Any CPU.ActiveCfg = Debug|Any CPU
		{85C2A511-113C-4B41-A223-234A2CB250BF}.Debug|Any CPU.Build.0 = Debug|Any CPU
		{85C2A511-113C-4B41-A223-234A2CB250BF}.Release|Any CPU.ActiveCfg = Release|Any CPU
		{85C2A511-113C-4B41-A223-234A2CB250BF}.Release|Any CPU.Build.0 = Release|Any CPU
		{66380216-5462-47B3-ABF2-400ED486AFB0}.Debug|Any CPU.ActiveCfg = Debug|Any CPU
		{66380216-5462-47B3-ABF2-400ED486AFB0}.Debug|Any CPU.Build.0 = Debug|Any CPU
		{66380216-5462-47B3-ABF2-400ED486AFB0}.Release|Any CPU.ActiveCfg = Release|Any CPU
		{66380216-5462-47B3-ABF2-400ED486AFB0}.Release|Any CPU.Build.0 = Release|Any CPU
		{6ADB5A92-9E5E-4F21-80FB-5ED0FEAB4B4A}.Debug|Any CPU.ActiveCfg = Debug|Any CPU
		{6ADB5A92-9E5E-4F21-80FB-5ED0FEAB4B4A}.Debug|Any CPU.Build.0 = Debug|Any CPU
		{6ADB5A92-9E5E-4F21-80FB-5ED0FEAB4B4A}.Release|Any CPU.ActiveCfg = Release|Any CPU
		{6ADB5A92-9E5E-4F21-80FB-5ED0FEAB4B4A}.Release|Any CPU.Build.0 = Release|Any CPU
		{1E1F7283-94C1-4B16-AA4E-02C616BDCB78}.Debug|Any CPU.ActiveCfg = Debug|Any CPU
		{1E1F7283-94C1-4B16-AA4E-02C616BDCB78}.Debug|Any CPU.Build.0 = Debug|Any CPU
		{1E1F7283-94C1-4B16-AA4E-02C616BDCB78}.Release|Any CPU.ActiveCfg = Release|Any CPU
		{1E1F7283-94C1-4B16-AA4E-02C616BDCB78}.Release|Any CPU.Build.0 = Release|Any CPU
	EndGlobalSection
	GlobalSection(SolutionProperties) = preSolution
		HideSolutionNode = FALSE
	EndGlobalSection
EndGlobal
