
Microsoft Visual Studio Solution File, Format Version 12.00
# Visual Studio 2012
Project("{FAE04EC0-301F-11D3-BF4B-00C04F79EFBC}") = "HPA", "HPA\HPA.csproj", "{43793FAF-6C3B-42FD-8510-25BA2A6EB647}"
EndProject
Project("{FAE04EC0-301F-11D3-BF4B-00C04F79EFBC}") = "HPA.Common", "HPA.COMMON\HPA.Common.csproj", "{19A4E582-5ACF-45DB-B7E0-1D8ECBBAF458}"
EndProject
Project("{FAE04EC0-301F-11D3-BF4B-00C04F79EFBC}") = "HPA.CommonForm", "HPA.CommonForm\HPA.CommonForm.csproj", "{D9BBCC16-D7E5-4DFF-BDB4-3B5825F444A7}"
EndProject
Project("{FAE04EC0-301F-11D3-BF4B-00C04F79EFBC}") = "HPA.COMPONENT.FRAMEWORK.BASE", "HPA.COMPONENT.FRAMEWORK.BASE\HPA.COMPONENT.FRAMEWORK.BASE.csproj", "{B9BAD011-5831-425F-8878-3FEB4FC87CB2}"
EndProject
Project("{FAE04EC0-301F-11D3-BF4B-00C04F79EFBC}") = "HPA.SQL", "HPA.SQL\HPA.SQL.csproj", "{90F73426-B923-47BE-A2DF-117EB009EC54}"
EndProject
Project("{FAE04EC0-301F-11D3-BF4B-00C04F79EFBC}") = "HPA.FRAMEWORK", "HPA.FRAMEWORK\HPA.FRAMEWORK.csproj", "{7577241E-810A-48E6-88DA-2C2397C08ACE}"
EndProject
Project("{FAE04EC0-301F-11D3-BF4B-00C04F79EFBC}") = "HPA.MAINFRAME", "HPA.MAINFRAME\HPA.MAINFRAME.csproj", "{20716DC3-8B84-4D15-BA70-D1F60E1FA0F3}"
EndProject
Project("{FAE04EC0-301F-11D3-BF4B-00C04F79EFBC}") = "HPA.SYSTEMADMIN", "HPA.SYSTEMADMIN\HPA.SYSTEMADMIN.csproj", "{94FCBAFE-58EE-4362-BB8D-36AA9613D5E0}"
EndProject
Project("{FAE04EC0-301F-11D3-BF4B-00C04F79EFBC}") = "HPA.MASTERDATA", "HPA.MASTERDATA\HPA.MASTERDATA.csproj", "{C59D531F-2ECF-4DFE-B52E-4CA1059EAD90}"
EndProject
Project("{FAE04EC0-301F-11D3-BF4B-00C04F79EFBC}") = "HPA.TIMEATTENDANCE", "HPA.TIMEATTENDANCE\HPA.TIMEATTENDANCE.csproj", "{8CFE2D49-7E4B-447F-B6FD-358268D70E4E}"
EndProject
Project("{FAE04EC0-301F-11D3-BF4B-00C04F79EFBC}") = "HPA.FORMDESIGNER", "HPA.FORMDESIGNER\HPA.FORMDESIGNER.csproj", "{DA34EB54-7D62-49D5-8FCC-DDD3CE2D5256}"
EndProject
Project("{FAE04EC0-301F-11D3-BF4B-00C04F79EFBC}") = "HPA.REPORT", "HPA.REPORT\HPA.REPORT.csproj", "{1A720720-DF4C-436A-BA4A-A66B945465F0}"
EndProject
Project("{FAE04EC0-301F-11D3-BF4B-00C04F79EFBC}") = "HPA.HUMANRESOURCE", "HPA.HUMANRESOURCE\HPA.HUMANRESOURCE.csproj", "{750938EB-1A74-4B37-8A56-71C7FE257642}"
EndProject
Global
	GlobalSection(SolutionConfigurationPlatforms) = preSolution
		CD_ROM|Any CPU = CD_ROM|Any CPU
		Debug|Any CPU = Debug|Any CPU
		DVD-5|Any CPU = DVD-5|Any CPU
		Release|Any CPU = Release|Any CPU
		SingleImage|Any CPU = SingleImage|Any CPU
	EndGlobalSection
	GlobalSection(ProjectConfigurationPlatforms) = postSolution
		{43793FAF-6C3B-42FD-8510-25BA2A6EB647}.CD_ROM|Any CPU.ActiveCfg = Release|Any CPU
		{43793FAF-6C3B-42FD-8510-25BA2A6EB647}.CD_ROM|Any CPU.Build.0 = Release|Any CPU
		{43793FAF-6C3B-42FD-8510-25BA2A6EB647}.Debug|Any CPU.ActiveCfg = Debug|Any CPU
		{43793FAF-6C3B-42FD-8510-25BA2A6EB647}.Debug|Any CPU.Build.0 = Debug|Any CPU
		{43793FAF-6C3B-42FD-8510-25BA2A6EB647}.DVD-5|Any CPU.ActiveCfg = Debug|Any CPU
		{43793FAF-6C3B-42FD-8510-25BA2A6EB647}.DVD-5|Any CPU.Build.0 = Debug|Any CPU
		{43793FAF-6C3B-42FD-8510-25BA2A6EB647}.Release|Any CPU.ActiveCfg = Release|Any CPU
		{43793FAF-6C3B-42FD-8510-25BA2A6EB647}.Release|Any CPU.Build.0 = Release|Any CPU
		{43793FAF-6C3B-42FD-8510-25BA2A6EB647}.SingleImage|Any CPU.ActiveCfg = Release|Any CPU
		{43793FAF-6C3B-42FD-8510-25BA2A6EB647}.SingleImage|Any CPU.Build.0 = Release|Any CPU
		{19A4E582-5ACF-45DB-B7E0-1D8ECBBAF458}.CD_ROM|Any CPU.ActiveCfg = Release|Any CPU
		{19A4E582-5ACF-45DB-B7E0-1D8ECBBAF458}.CD_ROM|Any CPU.Build.0 = Release|Any CPU
		{19A4E582-5ACF-45DB-B7E0-1D8ECBBAF458}.Debug|Any CPU.ActiveCfg = Debug|Any CPU
		{19A4E582-5ACF-45DB-B7E0-1D8ECBBAF458}.Debug|Any CPU.Build.0 = Debug|Any CPU
		{19A4E582-5ACF-45DB-B7E0-1D8ECBBAF458}.DVD-5|Any CPU.ActiveCfg = Debug|Any CPU
		{19A4E582-5ACF-45DB-B7E0-1D8ECBBAF458}.DVD-5|Any CPU.Build.0 = Debug|Any CPU
		{19A4E582-5ACF-45DB-B7E0-1D8ECBBAF458}.Release|Any CPU.ActiveCfg = Release|Any CPU
		{19A4E582-5ACF-45DB-B7E0-1D8ECBBAF458}.Release|Any CPU.Build.0 = Release|Any CPU
		{19A4E582-5ACF-45DB-B7E0-1D8ECBBAF458}.SingleImage|Any CPU.ActiveCfg = Release|Any CPU
		{19A4E582-5ACF-45DB-B7E0-1D8ECBBAF458}.SingleImage|Any CPU.Build.0 = Release|Any CPU
		{D9BBCC16-D7E5-4DFF-BDB4-3B5825F444A7}.CD_ROM|Any CPU.ActiveCfg = Release|Any CPU
		{D9BBCC16-D7E5-4DFF-BDB4-3B5825F444A7}.CD_ROM|Any CPU.Build.0 = Release|Any CPU
		{D9BBCC16-D7E5-4DFF-BDB4-3B5825F444A7}.Debug|Any CPU.ActiveCfg = Debug|Any CPU
		{D9BBCC16-D7E5-4DFF-BDB4-3B5825F444A7}.Debug|Any CPU.Build.0 = Debug|Any CPU
		{D9BBCC16-D7E5-4DFF-BDB4-3B5825F444A7}.DVD-5|Any CPU.ActiveCfg = Debug|Any CPU
		{D9BBCC16-D7E5-4DFF-BDB4-3B5825F444A7}.DVD-5|Any CPU.Build.0 = Debug|Any CPU
		{D9BBCC16-D7E5-4DFF-BDB4-3B5825F444A7}.Release|Any CPU.ActiveCfg = Release|Any CPU
		{D9BBCC16-D7E5-4DFF-BDB4-3B5825F444A7}.Release|Any CPU.Build.0 = Release|Any CPU
		{D9BBCC16-D7E5-4DFF-BDB4-3B5825F444A7}.SingleImage|Any CPU.ActiveCfg = Release|Any CPU
		{D9BBCC16-D7E5-4DFF-BDB4-3B5825F444A7}.SingleImage|Any CPU.Build.0 = Release|Any CPU
		{B9BAD011-5831-425F-8878-3FEB4FC87CB2}.CD_ROM|Any CPU.ActiveCfg = Release|Any CPU
		{B9BAD011-5831-425F-8878-3FEB4FC87CB2}.CD_ROM|Any CPU.Build.0 = Release|Any CPU
		{B9BAD011-5831-425F-8878-3FEB4FC87CB2}.Debug|Any CPU.ActiveCfg = Debug|Any CPU
		{B9BAD011-5831-425F-8878-3FEB4FC87CB2}.Debug|Any CPU.Build.0 = Debug|Any CPU
		{B9BAD011-5831-425F-8878-3FEB4FC87CB2}.DVD-5|Any CPU.ActiveCfg = Debug|Any CPU
		{B9BAD011-5831-425F-8878-3FEB4FC87CB2}.DVD-5|Any CPU.Build.0 = Debug|Any CPU
		{B9BAD011-5831-425F-8878-3FEB4FC87CB2}.Release|Any CPU.ActiveCfg = Release|Any CPU
		{B9BAD011-5831-425F-8878-3FEB4FC87CB2}.Release|Any CPU.Build.0 = Release|Any CPU
		{B9BAD011-5831-425F-8878-3FEB4FC87CB2}.SingleImage|Any CPU.ActiveCfg = Release|Any CPU
		{B9BAD011-5831-425F-8878-3FEB4FC87CB2}.SingleImage|Any CPU.Build.0 = Release|Any CPU
		{90F73426-B923-47BE-A2DF-117EB009EC54}.CD_ROM|Any CPU.ActiveCfg = Release|Any CPU
		{90F73426-B923-47BE-A2DF-117EB009EC54}.CD_ROM|Any CPU.Build.0 = Release|Any CPU
		{90F73426-B923-47BE-A2DF-117EB009EC54}.Debug|Any CPU.ActiveCfg = Debug|Any CPU
		{90F73426-B923-47BE-A2DF-117EB009EC54}.Debug|Any CPU.Build.0 = Debug|Any CPU
		{90F73426-B923-47BE-A2DF-117EB009EC54}.DVD-5|Any CPU.ActiveCfg = Debug|Any CPU
		{90F73426-B923-47BE-A2DF-117EB009EC54}.DVD-5|Any CPU.Build.0 = Debug|Any CPU
		{90F73426-B923-47BE-A2DF-117EB009EC54}.Release|Any CPU.ActiveCfg = Release|Any CPU
		{90F73426-B923-47BE-A2DF-117EB009EC54}.Release|Any CPU.Build.0 = Release|Any CPU
		{90F73426-B923-47BE-A2DF-117EB009EC54}.SingleImage|Any CPU.ActiveCfg = Release|Any CPU
		{90F73426-B923-47BE-A2DF-117EB009EC54}.SingleImage|Any CPU.Build.0 = Release|Any CPU
		{7577241E-810A-48E6-88DA-2C2397C08ACE}.CD_ROM|Any CPU.ActiveCfg = Release|Any CPU
		{7577241E-810A-48E6-88DA-2C2397C08ACE}.CD_ROM|Any CPU.Build.0 = Release|Any CPU
		{7577241E-810A-48E6-88DA-2C2397C08ACE}.Debug|Any CPU.ActiveCfg = Debug|Any CPU
		{7577241E-810A-48E6-88DA-2C2397C08ACE}.Debug|Any CPU.Build.0 = Debug|Any CPU
		{7577241E-810A-48E6-88DA-2C2397C08ACE}.DVD-5|Any CPU.ActiveCfg = Debug|Any CPU
		{7577241E-810A-48E6-88DA-2C2397C08ACE}.DVD-5|Any CPU.Build.0 = Debug|Any CPU
		{7577241E-810A-48E6-88DA-2C2397C08ACE}.Release|Any CPU.ActiveCfg = Release|Any CPU
		{7577241E-810A-48E6-88DA-2C2397C08ACE}.Release|Any CPU.Build.0 = Release|Any CPU
		{7577241E-810A-48E6-88DA-2C2397C08ACE}.SingleImage|Any CPU.ActiveCfg = Release|Any CPU
		{7577241E-810A-48E6-88DA-2C2397C08ACE}.SingleImage|Any CPU.Build.0 = Release|Any CPU
		{20716DC3-8B84-4D15-BA70-D1F60E1FA0F3}.CD_ROM|Any CPU.ActiveCfg = Release|Any CPU
		{20716DC3-8B84-4D15-BA70-D1F60E1FA0F3}.CD_ROM|Any CPU.Build.0 = Release|Any CPU
		{20716DC3-8B84-4D15-BA70-D1F60E1FA0F3}.Debug|Any CPU.ActiveCfg = Debug|Any CPU
		{20716DC3-8B84-4D15-BA70-D1F60E1FA0F3}.Debug|Any CPU.Build.0 = Debug|Any CPU
		{20716DC3-8B84-4D15-BA70-D1F60E1FA0F3}.DVD-5|Any CPU.ActiveCfg = Debug|Any CPU
		{20716DC3-8B84-4D15-BA70-D1F60E1FA0F3}.DVD-5|Any CPU.Build.0 = Debug|Any CPU
		{20716DC3-8B84-4D15-BA70-D1F60E1FA0F3}.Release|Any CPU.ActiveCfg = Release|Any CPU
		{20716DC3-8B84-4D15-BA70-D1F60E1FA0F3}.Release|Any CPU.Build.0 = Release|Any CPU
		{20716DC3-8B84-4D15-BA70-D1F60E1FA0F3}.SingleImage|Any CPU.ActiveCfg = Release|Any CPU
		{20716DC3-8B84-4D15-BA70-D1F60E1FA0F3}.SingleImage|Any CPU.Build.0 = Release|Any CPU
		{94FCBAFE-58EE-4362-BB8D-36AA9613D5E0}.CD_ROM|Any CPU.ActiveCfg = Release|Any CPU
		{94FCBAFE-58EE-4362-BB8D-36AA9613D5E0}.CD_ROM|Any CPU.Build.0 = Release|Any CPU
		{94FCBAFE-58EE-4362-BB8D-36AA9613D5E0}.Debug|Any CPU.ActiveCfg = Debug|Any CPU
		{94FCBAFE-58EE-4362-BB8D-36AA9613D5E0}.Debug|Any CPU.Build.0 = Debug|Any CPU
		{94FCBAFE-58EE-4362-BB8D-36AA9613D5E0}.DVD-5|Any CPU.ActiveCfg = Debug|Any CPU
		{94FCBAFE-58EE-4362-BB8D-36AA9613D5E0}.DVD-5|Any CPU.Build.0 = Debug|Any CPU
		{94FCBAFE-58EE-4362-BB8D-36AA9613D5E0}.Release|Any CPU.ActiveCfg = Release|Any CPU
		{94FCBAFE-58EE-4362-BB8D-36AA9613D5E0}.Release|Any CPU.Build.0 = Release|Any CPU
		{94FCBAFE-58EE-4362-BB8D-36AA9613D5E0}.SingleImage|Any CPU.ActiveCfg = Release|Any CPU
		{94FCBAFE-58EE-4362-BB8D-36AA9613D5E0}.SingleImage|Any CPU.Build.0 = Release|Any CPU
		{C59D531F-2ECF-4DFE-B52E-4CA1059EAD90}.CD_ROM|Any CPU.ActiveCfg = Release|Any CPU
		{C59D531F-2ECF-4DFE-B52E-4CA1059EAD90}.CD_ROM|Any CPU.Build.0 = Release|Any CPU
		{C59D531F-2ECF-4DFE-B52E-4CA1059EAD90}.Debug|Any CPU.ActiveCfg = Debug|Any CPU
		{C59D531F-2ECF-4DFE-B52E-4CA1059EAD90}.Debug|Any CPU.Build.0 = Debug|Any CPU
		{C59D531F-2ECF-4DFE-B52E-4CA1059EAD90}.DVD-5|Any CPU.ActiveCfg = Debug|Any CPU
		{C59D531F-2ECF-4DFE-B52E-4CA1059EAD90}.DVD-5|Any CPU.Build.0 = Debug|Any CPU
		{C59D531F-2ECF-4DFE-B52E-4CA1059EAD90}.Release|Any CPU.ActiveCfg = Release|Any CPU
		{C59D531F-2ECF-4DFE-B52E-4CA1059EAD90}.Release|Any CPU.Build.0 = Release|Any CPU
		{C59D531F-2ECF-4DFE-B52E-4CA1059EAD90}.SingleImage|Any CPU.ActiveCfg = Release|Any CPU
		{C59D531F-2ECF-4DFE-B52E-4CA1059EAD90}.SingleImage|Any CPU.Build.0 = Release|Any CPU
		{8CFE2D49-7E4B-447F-B6FD-358268D70E4E}.CD_ROM|Any CPU.ActiveCfg = Release|Any CPU
		{8CFE2D49-7E4B-447F-B6FD-358268D70E4E}.CD_ROM|Any CPU.Build.0 = Release|Any CPU
		{8CFE2D49-7E4B-447F-B6FD-358268D70E4E}.Debug|Any CPU.ActiveCfg = Debug|Any CPU
		{8CFE2D49-7E4B-447F-B6FD-358268D70E4E}.Debug|Any CPU.Build.0 = Debug|Any CPU
		{8CFE2D49-7E4B-447F-B6FD-358268D70E4E}.DVD-5|Any CPU.ActiveCfg = Debug|Any CPU
		{8CFE2D49-7E4B-447F-B6FD-358268D70E4E}.DVD-5|Any CPU.Build.0 = Debug|Any CPU
		{8CFE2D49-7E4B-447F-B6FD-358268D70E4E}.Release|Any CPU.ActiveCfg = Release|Any CPU
		{8CFE2D49-7E4B-447F-B6FD-358268D70E4E}.Release|Any CPU.Build.0 = Release|Any CPU
		{8CFE2D49-7E4B-447F-B6FD-358268D70E4E}.SingleImage|Any CPU.ActiveCfg = Release|Any CPU
		{8CFE2D49-7E4B-447F-B6FD-358268D70E4E}.SingleImage|Any CPU.Build.0 = Release|Any CPU
		{DA34EB54-7D62-49D5-8FCC-DDD3CE2D5256}.CD_ROM|Any CPU.ActiveCfg = Release|Any CPU
		{DA34EB54-7D62-49D5-8FCC-DDD3CE2D5256}.CD_ROM|Any CPU.Build.0 = Release|Any CPU
		{DA34EB54-7D62-49D5-8FCC-DDD3CE2D5256}.Debug|Any CPU.ActiveCfg = Debug|Any CPU
		{DA34EB54-7D62-49D5-8FCC-DDD3CE2D5256}.Debug|Any CPU.Build.0 = Debug|Any CPU
		{DA34EB54-7D62-49D5-8FCC-DDD3CE2D5256}.DVD-5|Any CPU.ActiveCfg = Debug|Any CPU
		{DA34EB54-7D62-49D5-8FCC-DDD3CE2D5256}.DVD-5|Any CPU.Build.0 = Debug|Any CPU
		{DA34EB54-7D62-49D5-8FCC-DDD3CE2D5256}.Release|Any CPU.ActiveCfg = Release|Any CPU
		{DA34EB54-7D62-49D5-8FCC-DDD3CE2D5256}.Release|Any CPU.Build.0 = Release|Any CPU
		{DA34EB54-7D62-49D5-8FCC-DDD3CE2D5256}.SingleImage|Any CPU.ActiveCfg = Release|Any CPU
		{DA34EB54-7D62-49D5-8FCC-DDD3CE2D5256}.SingleImage|Any CPU.Build.0 = Release|Any CPU
		{1A720720-DF4C-436A-BA4A-A66B945465F0}.CD_ROM|Any CPU.ActiveCfg = Release|Any CPU
		{1A720720-DF4C-436A-BA4A-A66B945465F0}.CD_ROM|Any CPU.Build.0 = Release|Any CPU
		{1A720720-DF4C-436A-BA4A-A66B945465F0}.Debug|Any CPU.ActiveCfg = Debug|Any CPU
		{1A720720-DF4C-436A-BA4A-A66B945465F0}.DVD-5|Any CPU.ActiveCfg = Debug|Any CPU
		{1A720720-DF4C-436A-BA4A-A66B945465F0}.DVD-5|Any CPU.Build.0 = Debug|Any CPU
		{1A720720-DF4C-436A-BA4A-A66B945465F0}.Release|Any CPU.ActiveCfg = Release|Any CPU
		{1A720720-DF4C-436A-BA4A-A66B945465F0}.Release|Any CPU.Build.0 = Release|Any CPU
		{1A720720-DF4C-436A-BA4A-A66B945465F0}.SingleImage|Any CPU.ActiveCfg = Release|Any CPU
		{1A720720-DF4C-436A-BA4A-A66B945465F0}.SingleImage|Any CPU.Build.0 = Release|Any CPU
		{750938EB-1A74-4B37-8A56-71C7FE257642}.CD_ROM|Any CPU.ActiveCfg = Release|Any CPU
		{750938EB-1A74-4B37-8A56-71C7FE257642}.CD_ROM|Any CPU.Build.0 = Release|Any CPU
		{750938EB-1A74-4B37-8A56-71C7FE257642}.Debug|Any CPU.ActiveCfg = Debug|Any CPU
		{750938EB-1A74-4B37-8A56-71C7FE257642}.Debug|Any CPU.Build.0 = Debug|Any CPU
		{750938EB-1A74-4B37-8A56-71C7FE257642}.DVD-5|Any CPU.ActiveCfg = Debug|Any CPU
		{750938EB-1A74-4B37-8A56-71C7FE257642}.DVD-5|Any CPU.Build.0 = Debug|Any CPU
		{750938EB-1A74-4B37-8A56-71C7FE257642}.Release|Any CPU.ActiveCfg = Release|Any CPU
		{750938EB-1A74-4B37-8A56-71C7FE257642}.Release|Any CPU.Build.0 = Release|Any CPU
		{750938EB-1A74-4B37-8A56-71C7FE257642}.SingleImage|Any CPU.ActiveCfg = Release|Any CPU
		{750938EB-1A74-4B37-8A56-71C7FE257642}.SingleImage|Any CPU.Build.0 = Release|Any CPU
	EndGlobalSection
	GlobalSection(SolutionProperties) = preSolution
		HideSolutionNode = FALSE
	EndGlobalSection
EndGlobal
